{
  "nodes": {
    "emacs-overlay": {
      "inputs": {
        "nixpkgs": [
          "nixpkgs"
        ],
        "nixpkgs-stable": "nixpkgs-stable"
      },
      "locked": {
        "lastModified": 1783508719,
        "narHash": "sha256-P4pMc3KQPLbmQ+4Z+uDb5zhwxlF6UDwcMuVU/8Z2njA=",
        "owner": "nix-community",
        "repo": "emacs-overlay",
        "rev": "3511edaaf67d8c8e73b31806e48fe631fcd24239",
        "type": "github"
      },
      "original": {
        "owner": "nix-community",
        "repo": "emacs-overlay",
        "type": "github"
      }
    },
    "emacs-overlay_2": {
      "inputs": {
        "nixpkgs": [
          "hydra-test",
          "nixpkgs"
        ],
        "nixpkgs-stable": "nixpkgs-stable_2"
      },
      "locked": {
        "lastModified": 1783508719,
        "narHash": "sha256-P4pMc3KQPLbmQ+4Z+uDb5zhwxlF6UDwcMuVU/8Z2njA=",
        "owner": "nix-community",
        "repo": "emacs-overlay",
        "rev": "3511edaaf67d8c8e73b31806e48fe631fcd24239",
        "type": "github"
      },
      "original": {
        "owner": "nix-community",
        "repo": "emacs-overlay",
        "type": "github"
      }
    },
    "flake-parts": {
      "inputs": {
        "nixpkgs-lib": [
          "hydra-test",
          "nixpkgs-lib"
        ]
      },
      "locked": {
        "lastModified": 1782949081,
        "narHash": "sha256-vp6Y/Grm98ESt6ceOkWiHWyZRDV3J1RID4w+6NWK9yA=",
        "owner": "hercules-ci",
        "repo": "flake-parts",
        "rev": "17c9d6cdfc60c64f4ee8d306f9bc0b4ccb51481e",
        "type": "github"
      },
      "original": {
        "owner": "hercules-ci",
        "repo": "flake-parts",
        "type": "github"
      }
    },
    "home-manager": {
      "inputs": {
        "nixpkgs": [
          "nixpkgs"
        ]
      },
      "locked": {
        "lastModified": 1783479733,
        "narHash": "sha256-d/JatqgG+Pmo+IuCTZfnrEAPWU3fdha48GQeXuFO+bE=",
        "owner": "nix-community",
        "repo": "home-manager",
        "rev": "cee3f0e7fec85d80c149c7afc29926747f7bd3c2",
        "type": "github"
      },
      "original": {
        "owner": "nix-community",
        "repo": "home-manager",
        "type": "github"
      }
    },
    "hydra-test": {
      "inputs": {
        "emacs-overlay": "emacs-overlay_2",
        "flake-parts": "flake-parts",
        "nixpkgs": [
          "nixpkgs"
        ],
        "nixpkgs-lib": "nixpkgs-lib",
        "rust-overlay": "rust-overlay"
      },
      "locked": {
        "lastModified": 1783509614,
        "narHash": "sha256-/praxCRLEagJnFw0SqC8mUNWftKutPqRXgy6etNaSVY=",
        "owner": "boletus-edulis",
        "repo": "hydra-test",
        "rev": "fc853460be4bcaf173d1000e8f2c8815aa25266e",
        "type": "github"
      },
      "original": {
        "owner": "boletus-edulis",
        "repo": "hydra-test",
        "type": "github"
      }
    },
    "nixpkgs": {
      "locked": {
        "lastModified": 1783224372,
        "narHash": "sha256-8i/87eeoqiGE4yOTjwSA3Eh/ziJRQEmd/unYU+K27sk=",
        "owner": "NixOS",
        "repo": "nixpkgs",
        "rev": "d407951447dcd00442e97087bf374aad70c04cea",
        "type": "github"
      },
      "original": {
        "owner": "NixOS",
        "ref": "nixos-unstable",
        "repo": "nixpkgs",
        "type": "github"
      }
    },
    "nixpkgs-lib": {
      "locked": {
        "dir": "lib",
        "lastModified": 1783224372,
        "narHash": "sha256-8i/87eeoqiGE4yOTjwSA3Eh/ziJRQEmd/unYU+K27sk=",
        "owner": "NixOS",
        "repo": "nixpkgs",
        "rev": "d407951447dcd00442e97087bf374aad70c04cea",
        "type": "github"
      },
      "original": {
        "dir": "lib",
        "owner": "NixOS",
        "ref": "nixos-unstable",
        "repo": "nixpkgs",
        "type": "github"
      }
    },
    "nixpkgs-stable": {
      "locked": {
        "lastModified": 1783389287,
        "narHash": "sha256-0xIy4dVLqq47rA+mRy0hXDfjhQd4E5PoIns/RmB7nR4=",
        "owner": "NixOS",
        "repo": "nixpkgs",
        "rev": "0ad6f47ea4fe188f4bc8f0380f93ae8523337c6c",
        "type": "github"
      },
      "original": {
        "owner": "NixOS",
        "ref": "nixos-26.05",
        "repo": "nixpkgs",
        "type": "github"
      }
    },
    "nixpkgs-stable_2": {
      "locked": {
        "lastModified": 1783389287,
        "narHash": "sha256-0xIy4dVLqq47rA+mRy0hXDfjhQd4E5PoIns/RmB7nR4=",
        "owner": "NixOS",
        "repo": "nixpkgs",
        "rev": "0ad6f47ea4fe188f4bc8f0380f93ae8523337c6c",
        "type": "github"
      },
      "original": {
        "owner": "NixOS",
        "ref": "nixos-26.05",
        "repo": "nixpkgs",
        "type": "github"
      }
    },
    "root": {
      "inputs": {
        "emacs-overlay": "emacs-overlay",
        "home-manager": "home-manager",
        "hydra-test": "hydra-test",
        "nixpkgs": "nixpkgs"
      }
    },
    "rust-overlay": {
      "inputs": {
        "nixpkgs": [
          "hydra-test",
          "nixpkgs"
        ]
      },
      "locked": {
        "lastModified": 1783488441,
        "narHash": "sha256-jmWf+H3iC/0z7/mmvTovaJx1E/LME1QyHkyk+AFfJPk=",
        "owner": "oxalica",
        "repo": "rust-overlay",
        "rev": "7dc3a177a239ed879c5581a80f6dc246c7e102f1",
        "type": "github"
      },
      "original": {
        "owner": "oxalica",
        "repo": "rust-overlay",
        "type": "github"
      }
    }
  },
  "root": "root",
  "version": 7
}
